
Microsoft Visual Studio Solution File, Format Version 12.00
# Visual Studio Version 17
VisualStudioVersion = 17.2.32616.157
MinimumVisualStudioVersion = 10.0.40219.1
Project("{FAE04EC0-301F-11D3-BF4B-00C04F79EFBC}") = "appointment", "appointment\appointment.csproj", "{E5C51C3B-8A08-4486-BDE5-2A59C1200E6C}"
EndProject
Global
	GlobalSection(SolutionConfigurationPlatforms) = preSolution
		Debug|Any CPU = Debug|Any CPU
		Release|Any CPU = Release|Any CPU
	EndGlobalSection
	GlobalSection(ProjectConfigurationPlatforms) = postSolution
		{E5C51C3B-8A08-4486-BDE5-2A59C1200E6C}.Debug|Any CPU.ActiveCfg = Debug|Any CPU
		{E5C51C3B-8A08-4486-BDE5-2A59C1200E6C}.Debug|Any CPU.Build.0 = Debug|Any CPU
		{E5C51C3B-8A08-4486-BDE5-2A59C1200E6C}.Release|Any CPU.ActiveCfg = Release|Any CPU
		{E5C51C3B-8A08-4486-BDE5-2A59C1200E6C}.Release|Any CPU.Build.0 = Release|Any CPU
	EndGlobalSection
	GlobalSection(SolutionProperties) = preSolution
		HideSolutionNode = FALSE
	EndGlobalSection
	GlobalSection(ExtensibilityGlobals) = postSolution
		SolutionGuid = {3734F364-9628-42D9-9ADD-6F717B112F14}
	EndGlobalSection
EndGlobal
